
Microsoft Visual Studio Solution File, Format Version 12.00
# Visual Studio Version 16
VisualStudioVersion = 16.0.30717.126
MinimumVisualStudioVersion = 10.0.40219.1
Project("{FAE04EC0-301F-11D3-BF4B-00C04F79EFBC}") = "NoStamCosts", "NoStamCosts.csproj", "{2FCB074A-6DFC-4A34-9819-3B3A54278124}"
EndProject
Global
	GlobalSection(SolutionConfigurationPlatforms) = preSolution
		Debug|Any CPU = Debug|Any CPU
		Release|Any CPU = Release|Any CPU
	EndGlobalSection
	GlobalSection(ProjectConfigurationPlatforms) = postSolution
		{2FCB074A-6DFC-4A34-9819-3B3A54278124}.Debug|Any CPU.ActiveCfg = Release|Any CPU
		{2FCB074A-6DFC-4A34-9819-3B3A54278124}.Debug|Any CPU.Build.0 = Release|Any CPU
		{2FCB074A-6DFC-4A34-9819-3B3A54278124}.Release|Any CPU.ActiveCfg = Release|Any CPU
		{2FCB074A-6DFC-4A34-9819-3B3A54278124}.Release|Any CPU.Build.0 = Release|Any CPU
	EndGlobalSection
	GlobalSection(SolutionProperties) = preSolution
		HideSolutionNode = FALSE
	EndGlobalSection
	GlobalSection(ExtensibilityGlobals) = postSolution
		SolutionGuid = {ABF6ADA4-883C-4ADD-8AB6-B549620CB8B9}
	EndGlobalSection
EndGlobal
